
Microsoft Visual Studio Solution File, Format Version 12.00
# Visual Studio 15
VisualStudioVersion = 15.0.27004.2009
MinimumVisualStudioVersion = 10.0.40219.1
Project("{FAE04EC0-301F-11D3-BF4B-00C04F79EFBC}") = "RefactorPractice", "RefactorPractice.csproj", "{DC520388-FBCD-4A58-98BC-EBC9BEDA2588}"
EndProject
Project("{FAE04EC0-301F-11D3-BF4B-00C04F79EFBC}") = "RefactorPractice.UnitTest", "..\RefactorPractice.UnitTest\RefactorPractice.UnitTest.csproj", "{65544821-9A45-4209-900D-CE53136B51D8}"
EndProject
Project("{2150E333-8FDC-42A3-9474-1A3956D46DE8}") = "Solution Items", "Solution Items", "{55D9128D-433F-40A1-9061-91B261BB6E93}"
	ProjectSection(SolutionItems) = preProject
		..\README.md = ..\README.md
	EndProjectSection
EndProject
Global
	GlobalSection(SolutionConfigurationPlatforms) = preSolution
		Debug|Any CPU = Debug|Any CPU
		Release|Any CPU = Release|Any CPU
	EndGlobalSection
	GlobalSection(ProjectConfigurationPlatforms) = postSolution
		{DC520388-FBCD-4A58-98BC-EBC9BEDA2588}.Debug|Any CPU.ActiveCfg = Debug|Any CPU
		{DC520388-FBCD-4A58-98BC-EBC9BEDA2588}.Debug|Any CPU.Build.0 = Debug|Any CPU
		{DC520388-FBCD-4A58-98BC-EBC9BEDA2588}.Release|Any CPU.ActiveCfg = Release|Any CPU
		{DC520388-FBCD-4A58-98BC-EBC9BEDA2588}.Release|Any CPU.Build.0 = Release|Any CPU
		{65544821-9A45-4209-900D-CE53136B51D8}.Debug|Any CPU.ActiveCfg = Debug|Any CPU
		{65544821-9A45-4209-900D-CE53136B51D8}.Debug|Any CPU.Build.0 = Debug|Any CPU
		{65544821-9A45-4209-900D-CE53136B51D8}.Release|Any CPU.ActiveCfg = Release|Any CPU
		{65544821-9A45-4209-900D-CE53136B51D8}.Release|Any CPU.Build.0 = Release|Any CPU
	EndGlobalSection
	GlobalSection(SolutionProperties) = preSolution
		HideSolutionNode = FALSE
	EndGlobalSection
	GlobalSection(ExtensibilityGlobals) = postSolution
		SolutionGuid = {11FF58F1-48FE-48E9-B6D4-544096BAAE07}
	EndGlobalSection
EndGlobal
